
Microsoft Visual Studio Solution File, Format Version 12.00
# Visual Studio Version 16
VisualStudioVersion = 16.0.31112.23
MinimumVisualStudioVersion = 10.0.40219.1
Project("{9A19103F-16F7-4668-BE54-9A1E7A4F7556}") = "BankApplication1", "BankApplication\BankApplication1.csproj", "{C509BEFA-37FD-477E-865B-ABF6A8AF626C}"
EndProject
Project("{9A19103F-16F7-4668-BE54-9A1E7A4F7556}") = "BankApplication1.Models", "BankApplication.Models\BankApplication1.Models.csproj", "{A7301F80-E2EA-4484-9AF8-4994C50A9351}"
EndProject
Project("{9A19103F-16F7-4668-BE54-9A1E7A4F7556}") = "BankApplication1.Data", "BankApplication.Data\BankApplication1.Data.csproj", "{EE9E596B-4E6B-44C6-86A4-F47B2A0F13AE}"
EndProject
Project("{9A19103F-16F7-4668-BE54-9A1E7A4F7556}") = "BankApplication1.Core", "BankApplication.Core\BankApplication1.Core.csproj", "{A53EDBFB-CE8C-4092-A8F3-B70D5B842A95}"
EndProject
Project("{9A19103F-16F7-4668-BE54-9A1E7A4F7556}") = "BankApplication1.Utilities", "BankApplication.Utilities\BankApplication1.Utilities.csproj", "{A6F0AF1F-131F-41F0-BE25-5E2D9D3C6F1E}"
EndProject
Global
	GlobalSection(SolutionConfigurationPlatforms) = preSolution
		Debug|Any CPU = Debug|Any CPU
		Release|Any CPU = Release|Any CPU
	EndGlobalSection
	GlobalSection(ProjectConfigurationPlatforms) = postSolution
		{C509BEFA-37FD-477E-865B-ABF6A8AF626C}.Debug|Any CPU.ActiveCfg = Debug|Any CPU
		{C509BEFA-37FD-477E-865B-ABF6A8AF626C}.Debug|Any CPU.Build.0 = Debug|Any CPU
		{C509BEFA-37FD-477E-865B-ABF6A8AF626C}.Release|Any CPU.ActiveCfg = Release|Any CPU
		{C509BEFA-37FD-477E-865B-ABF6A8AF626C}.Release|Any CPU.Build.0 = Release|Any CPU
		{A7301F80-E2EA-4484-9AF8-4994C50A9351}.Debug|Any CPU.ActiveCfg = Debug|Any CPU
		{A7301F80-E2EA-4484-9AF8-4994C50A9351}.Debug|Any CPU.Build.0 = Debug|Any CPU
		{A7301F80-E2EA-4484-9AF8-4994C50A9351}.Release|Any CPU.ActiveCfg = Release|Any CPU
		{A7301F80-E2EA-4484-9AF8-4994C50A9351}.Release|Any CPU.Build.0 = Release|Any CPU
		{EE9E596B-4E6B-44C6-86A4-F47B2A0F13AE}.Debug|Any CPU.ActiveCfg = Debug|Any CPU
		{EE9E596B-4E6B-44C6-86A4-F47B2A0F13AE}.Debug|Any CPU.Build.0 = Debug|Any CPU
		{EE9E596B-4E6B-44C6-86A4-F47B2A0F13AE}.Release|Any CPU.ActiveCfg = Release|Any CPU
		{EE9E596B-4E6B-44C6-86A4-F47B2A0F13AE}.Release|Any CPU.Build.0 = Release|Any CPU
		{A53EDBFB-CE8C-4092-A8F3-B70D5B842A95}.Debug|Any CPU.ActiveCfg = Debug|Any CPU
		{A53EDBFB-CE8C-4092-A8F3-B70D5B842A95}.Debug|Any CPU.Build.0 = Debug|Any CPU
		{A53EDBFB-CE8C-4092-A8F3-B70D5B842A95}.Release|Any CPU.ActiveCfg = Release|Any CPU
		{A53EDBFB-CE8C-4092-A8F3-B70D5B842A95}.Release|Any CPU.Build.0 = Release|Any CPU
		{A6F0AF1F-131F-41F0-BE25-5E2D9D3C6F1E}.Debug|Any CPU.ActiveCfg = Debug|Any CPU
		{A6F0AF1F-131F-41F0-BE25-5E2D9D3C6F1E}.Debug|Any CPU.Build.0 = Debug|Any CPU
		{A6F0AF1F-131F-41F0-BE25-5E2D9D3C6F1E}.Release|Any CPU.ActiveCfg = Release|Any CPU
		{A6F0AF1F-131F-41F0-BE25-5E2D9D3C6F1E}.Release|Any CPU.Build.0 = Release|Any CPU
	EndGlobalSection
	GlobalSection(SolutionProperties) = preSolution
		HideSolutionNode = FALSE
	EndGlobalSection
	GlobalSection(ExtensibilityGlobals) = postSolution
		SolutionGuid = {A5A2467C-01BF-402D-9E8A-AE48A72B24C6}
	EndGlobalSection
EndGlobal
